
Microsoft Visual Studio Solution File, Format Version 12.00
# Visual Studio Version 16
VisualStudioVersion = 16.0.30523.141
MinimumVisualStudioVersion = 10.0.40219.1
Project("{FAE04EC0-301F-11D3-BF4B-00C04F79EFBC}") = "SPMI CHD", "SPMI CHD.csproj", "{64382C12-CC02-45BF-9E79-CA12D9D5DD58}"
EndProject
Global
	GlobalSection(SolutionConfigurationPlatforms) = preSolution
		Debug|Any CPU = Debug|Any CPU
		Release|Any CPU = Release|Any CPU
	EndGlobalSection
	GlobalSection(ProjectConfigurationPlatforms) = postSolution
		{64382C12-CC02-45BF-9E79-CA12D9D5DD58}.Debug|Any CPU.ActiveCfg = Debug|Any CPU
		{64382C12-CC02-45BF-9E79-CA12D9D5DD58}.Debug|Any CPU.Build.0 = Debug|Any CPU
		{64382C12-CC02-45BF-9E79-CA12D9D5DD58}.Debug|Any CPU.Deploy.0 = Debug|Any CPU
		{64382C12-CC02-45BF-9E79-CA12D9D5DD58}.Release|Any CPU.ActiveCfg = Release|Any CPU
		{64382C12-CC02-45BF-9E79-CA12D9D5DD58}.Release|Any CPU.Build.0 = Release|Any CPU
		{64382C12-CC02-45BF-9E79-CA12D9D5DD58}.Release|Any CPU.Deploy.0 = Release|Any CPU
	EndGlobalSection
	GlobalSection(SolutionProperties) = preSolution
		HideSolutionNode = FALSE
	EndGlobalSection
	GlobalSection(ExtensibilityGlobals) = postSolution
		SolutionGuid = {F36A7907-F274-4EB3-83FD-4B5A50DE2334}
	EndGlobalSection
EndGlobal
